
Microsoft Visual Studio Solution File, Format Version 12.00
# Visual Studio 15
VisualStudioVersion = 15.0.27428.2005
MinimumVisualStudioVersion = 10.0.40219.1
Project("{FAE04EC0-301F-11D3-BF4B-00C04F79EFBC}") = "CodeReviewProgram", "CodeReviewProgram\CodeReviewProgram.csproj", "{04F8180A-D231-4D4E-9B18-51470A1CEC9F}"
EndProject
Project("{FAE04EC0-301F-11D3-BF4B-00C04F79EFBC}") = "CordReviewLib", "CordReviewLib\CordReviewLib.csproj", "{DCBBF3C9-33C3-43E9-A916-0FAED5B94432}"
EndProject
Global
	GlobalSection(SolutionConfigurationPlatforms) = preSolution
		Debug|Any CPU = Debug|Any CPU
		Release|Any CPU = Release|Any CPU
	EndGlobalSection
	GlobalSection(ProjectConfigurationPlatforms) = postSolution
		{04F8180A-D231-4D4E-9B18-51470A1CEC9F}.Debug|Any CPU.ActiveCfg = Debug|Any CPU
		{04F8180A-D231-4D4E-9B18-51470A1CEC9F}.Debug|Any CPU.Build.0 = Debug|Any CPU
		{04F8180A-D231-4D4E-9B18-51470A1CEC9F}.Release|Any CPU.ActiveCfg = Release|Any CPU
		{04F8180A-D231-4D4E-9B18-51470A1CEC9F}.Release|Any CPU.Build.0 = Release|Any CPU
		{DCBBF3C9-33C3-43E9-A916-0FAED5B94432}.Debug|Any CPU.ActiveCfg = Debug|Any CPU
		{DCBBF3C9-33C3-43E9-A916-0FAED5B94432}.Debug|Any CPU.Build.0 = Debug|Any CPU
		{DCBBF3C9-33C3-43E9-A916-0FAED5B94432}.Release|Any CPU.ActiveCfg = Release|Any CPU
		{DCBBF3C9-33C3-43E9-A916-0FAED5B94432}.Release|Any CPU.Build.0 = Release|Any CPU
	EndGlobalSection
	GlobalSection(SolutionProperties) = preSolution
		HideSolutionNode = FALSE
	EndGlobalSection
	GlobalSection(ExtensibilityGlobals) = postSolution
		SolutionGuid = {B29AB2EB-ED1D-4657-BD7A-29A11FBA733E}
	EndGlobalSection
EndGlobal
